
Microsoft Visual Studio Solution File, Format Version 12.00
# Visual Studio Version 17
VisualStudioVersion = 17.4.33213.308
MinimumVisualStudioVersion = 10.0.40219.1
Project("{FAE04EC0-301F-11D3-BF4B-00C04F79EFBC}") = "CreditCardValidator", "CreditCardValidator\CreditCardValidator.csproj", "{ABF6F84B-1D2F-4702-9F03-F2D9E3E7194C}"
EndProject
Global
	GlobalSection(SolutionConfigurationPlatforms) = preSolution
		Debug|Any CPU = Debug|Any CPU
		Release|Any CPU = Release|Any CPU
	EndGlobalSection
	GlobalSection(ProjectConfigurationPlatforms) = postSolution
		{ABF6F84B-1D2F-4702-9F03-F2D9E3E7194C}.Debug|Any CPU.ActiveCfg = Debug|Any CPU
		{ABF6F84B-1D2F-4702-9F03-F2D9E3E7194C}.Debug|Any CPU.Build.0 = Debug|Any CPU
		{ABF6F84B-1D2F-4702-9F03-F2D9E3E7194C}.Release|Any CPU.ActiveCfg = Release|Any CPU
		{ABF6F84B-1D2F-4702-9F03-F2D9E3E7194C}.Release|Any CPU.Build.0 = Release|Any CPU
	EndGlobalSection
	GlobalSection(SolutionProperties) = preSolution
		HideSolutionNode = FALSE
	EndGlobalSection
	GlobalSection(ExtensibilityGlobals) = postSolution
		SolutionGuid = {95F03192-1D4D-42FB-A16E-68E08202904B}
	EndGlobalSection
EndGlobal
